
Microsoft Visual Studio Solution File, Format Version 12.00
# Visual Studio 2012
Project("{FAE04EC0-301F-11D3-BF4B-00C04F79EFBC}") = "ocrproject", "ocrproject\ocrproject.csproj", "{8A7EF496-C3D6-4667-84CB-E2D6F51698F7}"
EndProject
Global
	GlobalSection(SolutionConfigurationPlatforms) = preSolution
		Debug|Any CPU = Debug|Any CPU
		Release|Any CPU = Release|Any CPU
	EndGlobalSection
	GlobalSection(ProjectConfigurationPlatforms) = postSolution
		{8A7EF496-C3D6-4667-84CB-E2D6F51698F7}.Debug|Any CPU.ActiveCfg = Debug|Any CPU
		{8A7EF496-C3D6-4667-84CB-E2D6F51698F7}.Debug|Any CPU.Build.0 = Debug|Any CPU
		{8A7EF496-C3D6-4667-84CB-E2D6F51698F7}.Release|Any CPU.ActiveCfg = Release|Any CPU
		{8A7EF496-C3D6-4667-84CB-E2D6F51698F7}.Release|Any CPU.Build.0 = Release|Any CPU
	EndGlobalSection
EndGlobal
